// !$*UTF8*$!
{
	archiveVersion = 1;
	classes = {
	};
	objectVersion = 50;
	objects = {

/* Begin PBXBuildFile section */
		F651D61C221C8FB6000D8644 /* AppDelegate.swift in Sources */ = {isa = PBXBuildFile; fileRef = F651D61B221C8FB6000D8644 /* AppDelegate.swift */; };
		F651D61E221C8FB6000D8644 /* FirstViewController.swift in Sources */ = {isa = PBXBuildFile; fileRef = F651D61D221C8FB6000D8644 /* FirstViewController.swift */; };
		F651D620221C8FB6000D8644 /* TouristSitesViewController.swift in Sources */ = {isa = PBXBuildFile; fileRef = F651D61F221C8FB6000D8644 /* TouristSitesViewController.swift */; };
		F651D623221C8FB6000D8644 /* Main.storyboard in Resources */ = {isa = PBXBuildFile; fileRef = F651D621221C8FB6000D8644 /* Main.storyboard */; };
		F651D625221C8FB7000D8644 /* Assets.xcassets in Resources */ = {isa = PBXBuildFile; fileRef = F651D624221C8FB7000D8644 /* Assets.xcassets */; };
		F651D628221C8FB7000D8644 /* LaunchScreen.storyboard in Resources */ = {isa = PBXBuildFile; fileRef = F651D626221C8FB7000D8644 /* LaunchScreen.storyboard */; };
/* End PBXBuildFile section */

/* Begin PBXFileReference section */
		F651D618221C8FB6000D8644 /* TableViews Rock!.app */ = {isa = PBXFileReference; explicitFileType = wrapper.application; includeInIndex = 0; path = "TableViews Rock!.app"; sourceTree = BUILT_PRODUCTS_DIR; };
		F651D61B221C8FB6000D8644 /* AppDelegate.swift */ = {isa = PBXFileReference; lastKnownFileType = sourcecode.swift; path = AppDelegate.swift; sourceTree = "<group>"; };
		F651D61D221C8FB6000D8644 /* FirstViewController.swift */ = {isa = PBXFileReference; lastKnownFileType = sourcecode.swift; path = FirstViewController.swift; sourceTree = "<group>"; };
		F651D61F221C8FB6000D8644 /* TouristSitesViewController.swift */ = {isa = PBXFileReference; lastKnownFileType = sourcecode.swift; path = TouristSitesViewController.swift; sourceTree = "<group>"; };
		F651D622221C8FB6000D8644 /* Base */ = {isa = PBXFileReference; lastKnownFileType = file.storyboard; name = Base; path = Base.lproj/Main.storyboard; sourceTree = "<group>"; };
		F651D624221C8FB7000D8644 /* Assets.xcassets */ = {isa = PBXFileReference; lastKnownFileType = folder.assetcatalog; path = Assets.xcassets; sourceTree = "<group>"; };
		F651D627221C8FB7000D8644 /* Base */ = {isa = PBXFileReference; lastKnownFileType = file.storyboard; name = Base; path = Base.lproj/LaunchScreen.storyboard; sourceTree = "<group>"; };
		F651D629221C8FB7000D8644 /* Info.plist */ = {isa = PBXFileReference; lastKnownFileType = text.plist.xml; path = Info.plist; sourceTree = "<group>"; };
/* End PBXFileReference section */

/* Begin PBXFrameworksBuildPhase section */
		F651D615221C8FB6000D8644 /* Frameworks */ = {
			isa = PBXFrameworksBuildPhase;
			buildActionMask = 2147483647;
			files = (
			);
			runOnlyForDeploymentPostprocessing = 0;
		};
/* End PBXFrameworksBuildPhase section */

/* Begin PBXGroup section */
		F651D60F221C8FB6000D8644 = {
			isa = PBXGroup;
			children = (
				F651D61A221C8FB6000D8644 /* TableViews Rock! */,
				F651D619221C8FB6000D8644 /* Products */,
			);
			sourceTree = "<group>";
		};
		F651D619221C8FB6000D8644 /* Products */ = {
			isa = PBXGroup;
			children = (
				F651D618221C8FB6000D8644 /* TableViews Rock!.app */,
			);
			name = Products;
			sourceTree = "<group>";
		};
		F651D61A221C8FB6000D8644 /* TableViews Rock! */ = {
			isa = PBXGroup;
			children = (
				F651D61B221C8FB6000D8644 /* AppDelegate.swift */,
				F651D61D221C8FB6000D8644 /* FirstViewController.swift */,
				F651D61F221C8FB6000D8644 /* TouristSitesViewController.swift */,
				F651D621221C8FB6000D8644 /* Main.storyboard */,
				F651D624221C8FB7000D8644 /* Assets.xcassets */,
				F651D626221C8FB7000D8644 /* LaunchScreen.storyboard */,
				F651D629221C8FB7000D8644 /* Info.plist */,
			);
			path = "TableViews Rock!";
			sourceTree = "<group>";
		};
/* End PBXGroup section */

/* Begin PBXNativeTarget section */
		F651D617221C8FB6000D8644 /* TableViews Rock! */ = {
			isa = PBXNativeTarget;
			buildConfigurationList = F651D62C221C8FB7000D8644 /* Build configuration list for PBXNativeTarget "TableViews Rock!" */;
			buildPhases = (
				F651D614221C8FB6000D8644 /* Sources */,
				F651D615221C8FB6000D8644 /* Frameworks */,
				F651D616221C8FB6000D8644 /* Resources */,
			);
			buildRules = (
			);
			dependencies = (
			);
			name = "TableViews Rock!";
			productName = "TableViews Rock!";
			productReference = F651D618221C8FB6000D8644 /* TableViews Rock!.app */;
			productType = "com.apple.product-type.application";
		};
/* End PBXNativeTarget section */

/* Begin PBXProject section */
		F651D610221C8FB6000D8644 /* Project object */ = {
			isa = PBXProject;
			attributes = {
				LastSwiftUpdateCheck = 1010;
				LastUpgradeCheck = 1010;
				ORGANIZATIONNAME = "Vinukonda,Sai Manikanta Durga Prasad";
				TargetAttributes = {
					F651D617221C8FB6000D8644 = {
						CreatedOnToolsVersion = 10.1;
					};
				};
			};
			buildConfigurationList = F651D613221C8FB6000D8644 /* Build configuration list for PBXProject "TableViews Rock!" */;
			compatibilityVersion = "Xcode 9.3";
			developmentRegion = en;
			hasScannedForEncodings = 0;
			knownRegions = (
				en,
				Base,
			);
			mainGroup = F651D60F221C8FB6000D8644;
			productRefGroup = F651D619221C8FB6000D8644 /* Products */;
			projectDirPath = "";
			projectRoot = "";
			targets = (
				F651D617221C8FB6000D8644 /* TableViews Rock! */,
			);
		};
/* End PBXProject section */

/* Begin PBXResourcesBuildPhase section */
		F651D616221C8FB6000D8644 /* Resources */ = {
			isa = PBXResourcesBuildPhase;
			buildActionMask = 2147483647;
			files = (
				F651D628221C8FB7000D8644 /* LaunchScreen.storyboard in Resources */,
				F651D625221C8FB7000D8644 /* Assets.xcassets in Resources */,
				F651D623221C8FB6000D8644 /* Main.storyboard in Resources */,
			);
			runOnlyForDeploymentPostprocessing = 0;
		};
/* End PBXResourcesBuildPhase section */

/* Begin PBXSourcesBuildPhase section */
		F651D614221C8FB6000D8644 /* Sources */ = {
			isa = PBXSourcesBuildPhase;
			buildActionMask = 2147483647;
			files = (
				F651D620221C8FB6000D8644 /* TouristSitesViewController.swift in Sources */,
				F651D61C221C8FB6000D8644 /* AppDelegate.swift in Sources */,
				F651D61E221C8FB6000D8644 /* FirstViewController.swift in Sources */,
			);
			runOnlyForDeploymentPostprocessing = 0;
		};
/* End PBXSourcesBuildPhase section */

/* Begin PBXVariantGroup section */
		F651D621221C8FB6000D8644 /* Main.storyboard */ = {
			isa = PBXVariantGroup;
			children = (
				F651D622221C8FB6000D8644 /* Base */,
			);
			name = Main.storyboard;
			sourceTree = "<group>";
		};
		F651D626221C8FB7000D8644 /* LaunchScreen.storyboard */ = {
			isa = PBXVariantGroup;
			children = (
				F651D627221C8FB7000D8644 /* Base */,
			);
			name = LaunchScreen.storyboard;
			sourceTree = "<group>";
		};
/* End PBXVariantGroup section */

/* Begin XCBuildConfiguration section */
		F651D62A221C8FB7000D8644 /* Debug */ = {
			isa = XCBuildConfiguration;
			buildSettings = {
				ALWAYS_SEARCH_USER_PATHS = NO;
				CLANG_ANALYZER_NONNULL = YES;
				CLANG_ANALYZER_NUMBER_OBJECT_CONVERSION = YES_AGGRESSIVE;
				CLANG_CXX_LANGUAGE_STANDARD = "gnu++14";
				CLANG_CXX_LIBRARY = "libc++";
				CLANG_ENABLE_MODULES = YES;
				CLANG_ENABLE_OBJC_ARC = YES;
				CLANG_ENABLE_OBJC_WEAK = YES;
				CLANG_WARN_BLOCK_CAPTURE_AUTORELEASING = YES;
				CLANG_WARN_BOOL_CONVERSION = YES;
				CLANG_WARN_COMMA = YES;
				CLANG_WARN_CONSTANT_CONVERSION = YES;
				CLANG_WARN_DEPRECATED_OBJC_IMPLEMENTATIONS = YES;
				CLANG_WARN_DIRECT_OBJC_ISA_USAGE = YES_ERROR;
				CLANG_WARN_DOCUMENTATION_COMMENTS = YES;
				CLANG_WARN_EMPTY_BODY = YES;
				CLANG_WARN_ENUM_CONVERSION = YES;
				CLANG_WARN_INFINITE_RECURSION = YES;
				CLANG_WARN_INT_CONVERSION = YES;
				CLANG_WARN_NON_LITERAL_NULL_CONVERSION = YES;
				CLANG_WARN_OBJC_IMPLICIT_RETAIN_SELF = YES;
				CLANG_WARN_OBJC_LITERAL_CONVERSION = YES;
				CLANG_WARN_OBJC_ROOT_CLASS = YES_ERROR;
				CLANG_WARN_RANGE_LOOP_ANALYSIS = YES;
				CLANG_WARN_STRICT_PROTOTYPES = YES;
				CLANG_WARN_SUSPICIOUS_MOVE = YES;
				CLANG_WARN_UNGUARDED_AVAILABILITY = YES_AGGRESSIVE;
				CLANG_WARN_UNREACHABLE_CODE = YES;
				CLANG_WARN__DUPLICATE_METHOD_MATCH = YES;
				CODE_SIGN_IDENTITY = "iPhone Developer";
				COPY_PHASE_STRIP = NO;
				DEBUG_INFORMATION_FORMAT = dwarf;
				ENABLE_STRICT_OBJC_MSGSEND = YES;
				ENABLE_TESTABILITY = YES;
				GCC_C_LANGUAGE_STANDARD = gnu11;
				GCC_DYNAMIC_NO_PIC = NO;
				GCC_NO_COMMON_BLOCKS = YES;
				GCC_OPTIMIZATION_LEVEL = 0;
				GCC_PREPROCESSOR_DEFINITIONS = (
					"DEBUG=1",
					"$(inherited)",
				);
				GCC_WARN_64_TO_32_BIT_CONVERSION = YES;
				GCC_WARN_ABOUT_RETURN_TYPE = YES_ERROR;
				GCC_WARN_UNDECLARED_SELECTOR = YES;
				GCC_WARN_UNINITIALIZED_AUTOS = YES_AGGRESSIVE;
				GCC_WARN_UNUSED_FUNCTION = YES;
				GCC_WARN_UNUSED_VARIABLE = YES;
				IPHONEOS_DEPLOYMENT_TARGET = 12.1;
				MTL_ENABLE_DEBUG_INFO = INCLUDE_SOURCE;
				MTL_FAST_MATH = YES;
				ONLY_ACTIVE_ARCH = YES;
				SDKROOT = iphoneos;
				SWIFT_ACTIVE_COMPILATION_CONDITIONS = DEBUG;
				SWIFT_OPTIMIZATION_LEVEL = "-Onone";
			};
			name = Debug;
		};
		F651D62B221C8FB7000D8644 /* Release */ = {
			isa = XCBuildConfiguration;
			buildSettings = {
				ALWAYS_SEARCH_USER_PATHS = NO;
				CLANG_ANALYZER_NONNULL = YES;
				CLANG_ANALYZER_NUMBER_OBJECT_CONVERSION = YES_AGGRESSIVE;
				CLANG_CXX_LANGUAGE_STANDARD = "gnu++14";
				CLANG_CXX_LIBRARY = "libc++";
				CLANG_ENABLE_MODULES = YES;
				CLANG_ENABLE_OBJC_ARC = YES;
				CLANG_ENABLE_OBJC_WEAK = YES;
				CLANG_WARN_BLOCK_CAPTURE_AUTORELEASING = YES;
				CLANG_WARN_BOOL_CONVERSION = YES;
				CLANG_WARN_COMMA = YES;
				CLANG_WARN_CONSTANT_CONVERSION = YES;
				CLANG_WARN_DEPRECATED_OBJC_IMPLEMENTATIONS = YES;
				CLANG_WARN_DIRECT_OBJC_ISA_USAGE = YES_ERROR;
				CLANG_WARN_DOCUMENTATION_COMMENTS = YES;
				CLANG_WARN_EMPTY_BODY = YES;
				CLANG_WARN_ENUM_CONVERSION = YES;
				CLANG_WARN_INFINITE_RECURSION = YES;
				CLANG_WARN_INT_CONVERSION = YES;
				CLANG_WARN_NON_LITERAL_NULL_CONVERSION = YES;
				CLANG_WARN_OBJC_IMPLICIT_RETAIN_SELF = YES;
				CLANG_WARN_OBJC_LITERAL_CONVERSION = YES;
				CLANG_WARN_OBJC_ROOT_CLASS = YES_ERROR;
				CLANG_WARN_RANGE_LOOP_ANALYSIS = YES;
				CLANG_WARN_STRICT_PROTOTYPES = YES;
				CLANG_WARN_SUSPICIOUS_MOVE = YES;
				CLANG_WARN_UNGUARDED_AVAILABILITY = YES_AGGRESSIVE;
				CLANG_WARN_UNREACHABLE_CODE = YES;
				CLANG_WARN__DUPLICATE_METHOD_MATCH = YES;
				CODE_SIGN_IDENTITY = "iPhone Developer";
				COPY_PHASE_STRIP = NO;
				DEBUG_INFORMATION_FORMAT = "dwarf-with-dsym";
				ENABLE_NS_ASSERTIONS = NO;
				ENABLE_STRICT_OBJC_MSGSEND = YES;
				GCC_C_LANGUAGE_STANDARD = gnu11;
				GCC_NO_COMMON_BLOCKS = YES;
				GCC_WARN_64_TO_32_BIT_CONVERSION = YES;
				GCC_WARN_ABOUT_RETURN_TYPE = YES_ERROR;
				GCC_WARN_UNDECLARED_SELECTOR = YES;
				GCC_WARN_UNINITIALIZED_AUTOS = YES_AGGRESSIVE;
				GCC_WARN_UNUSED_FUNCTION = YES;
				GCC_WARN_UNUSED_VARIABLE = YES;
				IPHONEOS_DEPLOYMENT_TARGET = 12.1;
				MTL_ENABLE_DEBUG_INFO = NO;
				MTL_FAST_MATH = YES;
				SDKROOT = iphoneos;
				SWIFT_COMPILATION_MODE = wholemodule;
				SWIFT_OPTIMIZATION_LEVEL = "-O";
				VALIDATE_PRODUCT = YES;
			};
			name = Release;
		};
		F651D62D221C8FB7000D8644 /* Debug */ = {
			isa = XCBuildConfiguration;
			buildSettings = {
				ASSETCATALOG_COMPILER_APPICON_NAME = AppIcon;
				CODE_SIGN_STYLE = Automatic;
				INFOPLIST_FILE = "TableViews Rock!/Info.plist";
				LD_RUNPATH_SEARCH_PATHS = (
					"$(inherited)",
					"@executable_path/Frameworks",
				);
				PRODUCT_BUNDLE_IDENTIFIER = "edu.nwmissouri.TableViews-Rock-";
				PRODUCT_NAME = "$(TARGET_NAME)";
				SWIFT_VERSION = 4.2;
				TARGETED_DEVICE_FAMILY = "1,2";
			};
			name = Debug;
		};
		F651D62E221C8FB7000D8644 /* Release */ = {
			isa = XCBuildConfiguration;
			buildSettings = {
				ASSETCATALOG_COMPILER_APPICON_NAME = AppIcon;
				CODE_SIGN_STYLE = Automatic;
				INFOPLIST_FILE = "TableViews Rock!/Info.plist";
				LD_RUNPATH_SEARCH_PATHS = (
					"$(inherited)",
					"@executable_path/Frameworks",
				);
				PRODUCT_BUNDLE_IDENTIFIER = "edu.nwmissouri.TableViews-Rock-";
				PRODUCT_NAME = "$(TARGET_NAME)";
				SWIFT_VERSION = 4.2;
				TARGETED_DEVICE_FAMILY = "1,2";
			};
			name = Release;
		};
/* End XCBuildConfiguration section */

/* Begin XCConfigurationList section */
		F651D613221C8FB6000D8644 /* Build configuration list for PBXProject "TableViews Rock!" */ = {
			isa = XCConfigurationList;
			buildConfigurations = (
				F651D62A221C8FB7000D8644 /* Debug */,
				F651D62B221C8FB7000D8644 /* Release */,
			);
			defaultConfigurationIsVisible = 0;
			defaultConfigurationName = Release;
		};
		F651D62C221C8FB7000D8644 /* Build configuration list for PBXNativeTarget "TableViews Rock!" */ = {
			isa = XCConfigurationList;
			buildConfigurations = (
				F651D62D221C8FB7000D8644 /* Debug */,
				F651D62E221C8FB7000D8644 /* Release */,
			);
			defaultConfigurationIsVisible = 0;
			defaultConfigurationName = Release;
		};
/* End XCConfigurationList section */
	};
	rootObject = F651D610221C8FB6000D8644 /* Project object */;
}
